{
  "nodes": {
    "catppuccin": {
      "locked": {
        "lastModified": 1713895615,
        "narHash": "sha256-SVkxhcL0/IN5fNI2dqr702wXOnzktsm0LCEVGRAJQcY=",
        "owner": "catppuccin",
        "repo": "nix",
        "rev": "a48e70a31616cb63e4794fd3465bff1835cc4246",
        "type": "github"
      },
      "original": {
        "owner": "catppuccin",
        "repo": "nix",
        "type": "github"
      }
    },
    "catppuccin-toolbox": {
      "inputs": {
        "nixpkgs": "nixpkgs"
      },
      "locked": {
        "lastModified": 1714216681,
        "narHash": "sha256-DAr4pB6ztv3vJtfGEf9EMV81zZ8GVt/GM16VjnqjBiQ=",
        "owner": "catppuccin",
        "repo": "toolbox",
        "rev": "7303828d5afe39457541ba9ef161d527bfed89c3",
        "type": "github"
      },
      "original": {
        "owner": "catppuccin",
        "repo": "toolbox",
        "type": "github"
      }
    },
    "darwin-custom-icons": {
      "locked": {
        "lastModified": 1693410673,
        "narHash": "sha256-oHw98kktSorqgd73tOskTkE7AfWfNee7QTxJeMkd640=",
        "owner": "ryanccn",
        "repo": "nix-darwin-custom-icons",
        "rev": "347800c2704b4adb76aaf06fbf0be7831431785b",
        "type": "github"
      },
      "original": {
        "owner": "ryanccn",
        "repo": "nix-darwin-custom-icons",
        "type": "github"
      }
    },
    "flake-utils": {
      "inputs": {
        "systems": "systems"
      },
      "locked": {
        "lastModified": 1705309234,
        "narHash": "sha256-uNRRNRKmJyCRC/8y1RqBkqWBLM034y4qN7EprSdmgyA=",
        "owner": "numtide",
        "repo": "flake-utils",
        "rev": "1ef2e671c3b0c19053962c07dbda38332dcebf26",
        "type": "github"
      },
      "original": {
        "owner": "numtide",
        "repo": "flake-utils",
        "type": "github"
      }
    },
    "home-manager": {
      "inputs": {
        "nixpkgs": [
          "nixpkgs"
        ]
      },
      "locked": {
        "lastModified": 1714343445,
        "narHash": "sha256-OzD1P0o46uD3Ix4ZI/g9z3YAeg+4g+W3qctB6bNOReo=",
        "owner": "nix-community",
        "repo": "home-manager",
        "rev": "9fe79591c1005ce6f93084ae7f7dab0a2891440d",
        "type": "github"
      },
      "original": {
        "owner": "nix-community",
        "repo": "home-manager",
        "type": "github"
      }
    },
    "izrss": {
      "inputs": {
        "nixpkgs": [
          "nixpkgs"
        ]
      },
      "locked": {
        "lastModified": 1713648888,
        "narHash": "sha256-j92822Gg3Rz5jTSxQU+KNR6nbnTxjQj0dMCOvDdKaAQ=",
        "owner": "isabelroses",
        "repo": "izrss",
        "rev": "cfa2ffac3ef51ee2f3131538782d14b1980ebd45",
        "type": "github"
      },
      "original": {
        "owner": "isabelroses",
        "repo": "izrss",
        "type": "github"
      }
    },
    "nix-darwin": {
      "inputs": {
        "nixpkgs": [
          "nixpkgs"
        ]
      },
      "locked": {
        "lastModified": 1713946171,
        "narHash": "sha256-lc75rgRQLdp4Dzogv5cfqOg6qYc5Rp83oedF2t0kDp8=",
        "owner": "LnL7",
        "repo": "nix-darwin",
        "rev": "230a197063de9287128e2c68a7a4b0cd7d0b50a7",
        "type": "github"
      },
      "original": {
        "owner": "LnL7",
        "repo": "nix-darwin",
        "type": "github"
      }
    },
    "nixpkgs": {
      "locked": {
        "lastModified": 1708118438,
        "narHash": "sha256-kk9/0nuVgA220FcqH/D2xaN6uGyHp/zoxPNUmPCMmEE=",
        "owner": "NixOS",
        "repo": "nixpkgs",
        "rev": "5863c27340ba4de8f83e7e3c023b9599c3cb3c80",
        "type": "github"
      },
      "original": {
        "owner": "NixOS",
        "ref": "nixos-unstable",
        "repo": "nixpkgs",
        "type": "github"
      }
    },
    "nixpkgs_2": {
      "locked": {
        "lastModified": 1714245158,
        "narHash": "sha256-9P2M0+tf1TE7Z5PwDVwhheuD2mFf6/phPr0Jvl7cxcc=",
        "owner": "NixOS",
        "repo": "nixpkgs",
        "rev": "2b1f64b358f2cab62617f26b3870fd0ee375d848",
        "type": "github"
      },
      "original": {
        "owner": "NixOS",
        "ref": "nixpkgs-unstable",
        "repo": "nixpkgs",
        "type": "github"
      }
    },
    "root": {
      "inputs": {
        "catppuccin": "catppuccin",
        "catppuccin-toolbox": "catppuccin-toolbox",
        "darwin-custom-icons": "darwin-custom-icons",
        "home-manager": "home-manager",
        "izrss": "izrss",
        "nix-darwin": "nix-darwin",
        "nixpkgs": "nixpkgs_2",
        "rust-overlay": "rust-overlay"
      }
    },
    "rust-overlay": {
      "inputs": {
        "flake-utils": "flake-utils",
        "nixpkgs": [
          "nixpkgs"
        ]
      },
      "locked": {
        "lastModified": 1714270637,
        "narHash": "sha256-sq/0YEupY9yoRpg9ft8r2sjoRo84MQipionTuk4w1YI=",
        "owner": "oxalica",
        "repo": "rust-overlay",
        "rev": "44f8738f4b9805f7c60118c48f85da835839311a",
        "type": "github"
      },
      "original": {
        "owner": "oxalica",
        "repo": "rust-overlay",
        "type": "github"
      }
    },
    "systems": {
      "locked": {
        "lastModified": 1681028828,
        "narHash": "sha256-Vy1rq5AaRuLzOxct8nz4T6wlgyUR7zLU309k9mBC768=",
        "owner": "nix-systems",
        "repo": "default",
        "rev": "da67096a3b9bf56a91d16901293e51ba5b49a27e",
        "type": "github"
      },
      "original": {
        "owner": "nix-systems",
        "repo": "default",
        "type": "github"
      }
    }
  },
  "root": "root",
  "version": 7
}
