{
  "nodes": {
    "beapkgs": {
      "inputs": {
        "flake-compat": "flake-compat",
        "nixpkgs": [
          "nixpkgs"
        ]
      },
      "locked": {
        "lastModified": 1717029162,
        "narHash": "sha256-Z4zMDLBmy8qu2fRb67LxskbY+fYFlTIPoSGk3NjBmFQ=",
        "owner": "isabelroses",
        "repo": "beapkgs",
        "rev": "cf1258707c2d110c8db9d0294b4562173d2e71e6",
        "type": "github"
      },
      "original": {
        "owner": "isabelroses",
        "repo": "beapkgs",
        "type": "github"
      }
    },
    "catppuccin": {
      "locked": {
        "lastModified": 1716934277,
        "narHash": "sha256-BTRLOEcZnj2jLttdOq3AfKSvsFZNVKkrTpdpINDGW4k=",
        "owner": "catppuccin",
        "repo": "nix",
        "rev": "96681f62faa285ad0c8dce2cdae6b0a1d0a8f094",
        "type": "github"
      },
      "original": {
        "owner": "catppuccin",
        "repo": "nix",
        "type": "github"
      }
    },
    "catppuccin-toolbox": {
      "inputs": {
        "nixpkgs": "nixpkgs"
      },
      "locked": {
        "lastModified": 1717020047,
        "narHash": "sha256-OooNiwvkFRXEk0a5JJQxMUh9g+5CMvvQxplzqqNuyIY=",
        "owner": "catppuccin",
        "repo": "toolbox",
        "rev": "b09341880fb880120132fe8a09aae148c17d26ba",
        "type": "github"
      },
      "original": {
        "owner": "catppuccin",
        "repo": "toolbox",
        "type": "github"
      }
    },
    "darwin-custom-icons": {
      "locked": {
        "lastModified": 1693410673,
        "narHash": "sha256-oHw98kktSorqgd73tOskTkE7AfWfNee7QTxJeMkd640=",
        "owner": "ryanccn",
        "repo": "nix-darwin-custom-icons",
        "rev": "347800c2704b4adb76aaf06fbf0be7831431785b",
        "type": "github"
      },
      "original": {
        "owner": "ryanccn",
        "repo": "nix-darwin-custom-icons",
        "type": "github"
      }
    },
    "flake-compat": {
      "flake": false,
      "locked": {
        "lastModified": 1696426674,
        "narHash": "sha256-kvjfFW7WAETZlt09AgDn1MrtKzP7t90Vf7vypd3OL1U=",
        "owner": "edolstra",
        "repo": "flake-compat",
        "rev": "0f9255e01c2351cc7d116c072cb317785dd33b33",
        "type": "github"
      },
      "original": {
        "owner": "edolstra",
        "repo": "flake-compat",
        "type": "github"
      }
    },
    "flake-utils": {
      "inputs": {
        "systems": "systems"
      },
      "locked": {
        "lastModified": 1705309234,
        "narHash": "sha256-uNRRNRKmJyCRC/8y1RqBkqWBLM034y4qN7EprSdmgyA=",
        "owner": "numtide",
        "repo": "flake-utils",
        "rev": "1ef2e671c3b0c19053962c07dbda38332dcebf26",
        "type": "github"
      },
      "original": {
        "owner": "numtide",
        "repo": "flake-utils",
        "type": "github"
      }
    },
    "home-manager": {
      "inputs": {
        "nixpkgs": [
          "nixpkgs"
        ]
      },
      "locked": {
        "lastModified": 1717020155,
        "narHash": "sha256-Xpyv9i02ineeGakmmzd45hkBgy2a7Zf/3d6amM6MUb4=",
        "owner": "nix-community",
        "repo": "home-manager",
        "rev": "1b589257f72c9c54e92d1d631e988e5346156736",
        "type": "github"
      },
      "original": {
        "owner": "nix-community",
        "repo": "home-manager",
        "type": "github"
      }
    },
    "nix-darwin": {
      "inputs": {
        "nixpkgs": [
          "nixpkgs"
        ]
      },
      "locked": {
        "lastModified": 1716993688,
        "narHash": "sha256-vo5k2wQekfeoq/2aleQkBN41dQiQHNTniZeVONWiWLs=",
        "owner": "LnL7",
        "repo": "nix-darwin",
        "rev": "c0d5b8c54d6828516c97f6be9f2d00c63a363df4",
        "type": "github"
      },
      "original": {
        "owner": "LnL7",
        "repo": "nix-darwin",
        "type": "github"
      }
    },
    "nixpkgs": {
      "locked": {
        "lastModified": 1708118438,
        "narHash": "sha256-kk9/0nuVgA220FcqH/D2xaN6uGyHp/zoxPNUmPCMmEE=",
        "owner": "NixOS",
        "repo": "nixpkgs",
        "rev": "5863c27340ba4de8f83e7e3c023b9599c3cb3c80",
        "type": "github"
      },
      "original": {
        "owner": "NixOS",
        "ref": "nixos-unstable",
        "repo": "nixpkgs",
        "type": "github"
      }
    },
    "nixpkgs_2": {
      "locked": {
        "lastModified": 1716914467,
        "narHash": "sha256-KkT6YM/yNQqirtYj/frn6RRakliB8RDvGqVGGaNhdcU=",
        "owner": "NixOS",
        "repo": "nixpkgs",
        "rev": "4a3fc4cf736b7d2d288d7a8bf775ac8d4c0920b4",
        "type": "github"
      },
      "original": {
        "owner": "NixOS",
        "ref": "nixpkgs-unstable",
        "repo": "nixpkgs",
        "type": "github"
      }
    },
    "root": {
      "inputs": {
        "beapkgs": "beapkgs",
        "catppuccin": "catppuccin",
        "catppuccin-toolbox": "catppuccin-toolbox",
        "darwin-custom-icons": "darwin-custom-icons",
        "home-manager": "home-manager",
        "nix-darwin": "nix-darwin",
        "nixpkgs": "nixpkgs_2",
        "rust-overlay": "rust-overlay"
      }
    },
    "rust-overlay": {
      "inputs": {
        "flake-utils": "flake-utils",
        "nixpkgs": [
          "nixpkgs"
        ]
      },
      "locked": {
        "lastModified": 1717025991,
        "narHash": "sha256-D/b4QETvovl28obinE3NqFbFeOLjeqyorE5NlbBLPi4=",
        "owner": "oxalica",
        "repo": "rust-overlay",
        "rev": "0bf05d8534406776a0fbc9ed8d4ef5bd925b056a",
        "type": "github"
      },
      "original": {
        "owner": "oxalica",
        "repo": "rust-overlay",
        "type": "github"
      }
    },
    "systems": {
      "locked": {
        "lastModified": 1681028828,
        "narHash": "sha256-Vy1rq5AaRuLzOxct8nz4T6wlgyUR7zLU309k9mBC768=",
        "owner": "nix-systems",
        "repo": "default",
        "rev": "da67096a3b9bf56a91d16901293e51ba5b49a27e",
        "type": "github"
      },
      "original": {
        "owner": "nix-systems",
        "repo": "default",
        "type": "github"
      }
    }
  },
  "root": "root",
  "version": 7
}
